// !$*UTF8*$!
{
	archiveVersion = 1;
	classes = {
	};
	objectVersion = 56;
	objects = {

/* Begin PBXBuildFile section */
		4BE021492E82450411F2BD2A /* Pods_HabitTests.framework in Frameworks */ = {isa = PBXBuildFile; fileRef = B7B749D77029E60D10BDBAC2 /* Pods_HabitTests.framework */; };
		520533512CBE180900661529 /* SignInView.swift in Sources */ = {isa = PBXBuildFile; fileRef = 520533502CBE180200661529 /* SignInView.swift */; };
		520533532CBE186500661529 /* SignInViewModel.swift in Sources */ = {isa = PBXBuildFile; fileRef = 520533522CBE186500661529 /* SignInViewModel.swift */; };
		520533552CBE191500661529 /* SplashViewRouter.swift in Sources */ = {isa = PBXBuildFile; fileRef = 520533542CBE191500661529 /* SplashViewRouter.swift */; };
		521610B22CC0B4F8002333C2 /* SignInUIState.swift in Sources */ = {isa = PBXBuildFile; fileRef = 521610B12CC0B4EF002333C2 /* SignInUIState.swift */; };
		521610B42CC0B92A002333C2 /* SignInViewRouter.swift in Sources */ = {isa = PBXBuildFile; fileRef = 521610B32CC0B922002333C2 /* SignInViewRouter.swift */; };
		521610BC2CC0B9B2002333C2 /* HomeView.swift in Sources */ = {isa = PBXBuildFile; fileRef = 521610BB2CC0B9AB002333C2 /* HomeView.swift */; };
		521610BE2CC0B9C5002333C2 /* HomeViewModel.swift in Sources */ = {isa = PBXBuildFile; fileRef = 521610BD2CC0B9BE002333C2 /* HomeViewModel.swift */; };
		5219031B2DBD8E9200EA5528 /* ProfileView.swift in Sources */ = {isa = PBXBuildFile; fileRef = 5219031A2DBD8E8C00EA5528 /* ProfileView.swift */; };
		5219031D2DBEA5AF00EA5528 /* GenderSelectorView.swift in Sources */ = {isa = PBXBuildFile; fileRef = 5219031C2DBEA5A900EA5528 /* GenderSelectorView.swift */; };
		521CD6AE2CF0249100489A86 /* WebService.swift in Sources */ = {isa = PBXBuildFile; fileRef = 521CD6AD2CF0248C00489A86 /* WebService.swift */; };
		521F325F2DF7D1E3002C1699 /* ProfileResponse.swift in Sources */ = {isa = PBXBuildFile; fileRef = 521F325E2DF7D1DE002C1699 /* ProfileResponse.swift */; };
		521F32622DF7D2F1002C1699 /* ProfileRemoteDataSource.swift in Sources */ = {isa = PBXBuildFile; fileRef = 521F32612DF7D2EB002C1699 /* ProfileRemoteDataSource.swift */; };
		521F32642DF91C18002C1699 /* ProfileInteractor.swift in Sources */ = {isa = PBXBuildFile; fileRef = 521F32632DF91C14002C1699 /* ProfileInteractor.swift */; };
		521F32662DF91E36002C1699 /* ProfileUIState.swift in Sources */ = {isa = PBXBuildFile; fileRef = 521F32652DF91E2D002C1699 /* ProfileUIState.swift */; };
		522C43122CF3BB110029232B /* SignUpRequest.swift in Sources */ = {isa = PBXBuildFile; fileRef = 522C43112CF3BB0C0029232B /* SignUpRequest.swift */; };
		5233F0FB2E0CE1C600FD15FB /* ChartView.swift in Sources */ = {isa = PBXBuildFile; fileRef = 5233F0FA2E0CE1C100FD15FB /* ChartView.swift */; };
		524685C52D014BBE00B4031A /* SignInRequest.swift in Sources */ = {isa = PBXBuildFile; fileRef = 524685C42D014BBB00B4031A /* SignInRequest.swift */; };
		524685C72D014CFF00B4031A /* SignInResponse.swift in Sources */ = {isa = PBXBuildFile; fileRef = 524685C62D014CFE00B4031A /* SignInResponse.swift */; };
		524711512CBF655900B21CE7 /* SplashViewModel.swift in Sources */ = {isa = PBXBuildFile; fileRef = 524711502CBF655300B21CE7 /* SplashViewModel.swift */; };
		524F0A632E00FDA800468DDC /* ProfileRequest.swift in Sources */ = {isa = PBXBuildFile; fileRef = 524F0A622E00FDA100468DDC /* ProfileRequest.swift */; };
		5257304F2D07DF2900A54FC9 /* SignInInteractor.swift in Sources */ = {isa = PBXBuildFile; fileRef = 5257304E2D07DF2700A54FC9 /* SignInInteractor.swift */; };
		525730512D07E17000A54FC9 /* SignInRemoteDataSource.swift in Sources */ = {isa = PBXBuildFile; fileRef = 525730502D07E16F00A54FC9 /* SignInRemoteDataSource.swift */; };
		52714AC12D2CB17900E0D613 /* SignUpInteractor.swift in Sources */ = {isa = PBXBuildFile; fileRef = 52714AC02D2CB17400E0D613 /* SignUpInteractor.swift */; };
		52714AC32D2CB27400E0D613 /* SignUpRemoteDataSource.swift in Sources */ = {isa = PBXBuildFile; fileRef = 52714AC22D2CB26D00E0D613 /* SignUpRemoteDataSource.swift */; };
		52935B822CFE944A00C1E23E /* SignUpResponse.swift in Sources */ = {isa = PBXBuildFile; fileRef = 52935B812CFE944100C1E23E /* SignUpResponse.swift */; };
		52935B842CFE980400C1E23E /* ErrorResponse.swift in Sources */ = {isa = PBXBuildFile; fileRef = 52935B832CFE980000C1E23E /* ErrorResponse.swift */; };
		5296F5512DADD9240007DA13 /* ImageView.swift in Sources */ = {isa = PBXBuildFile; fileRef = 5296F5502DADD9210007DA13 /* ImageView.swift */; };
		52B2974E2CD7F6A60005EF71 /* EditTextView.swift in Sources */ = {isa = PBXBuildFile; fileRef = 52B2974D2CD7F6A10005EF71 /* EditTextView.swift */; };
		52B297512CD8008A0005EF71 /* CustomTextFieldStyle.swift in Sources */ = {isa = PBXBuildFile; fileRef = 52B297502CD8007C0005EF71 /* CustomTextFieldStyle.swift */; };
		52B297552CD85CEB0005EF71 /* String+Extension.swift in Sources */ = {isa = PBXBuildFile; fileRef = 52B297542CD85CDD0005EF71 /* String+Extension.swift */; };
		52B297572CD85ECD0005EF71 /* LoadingButtonView.swift in Sources */ = {isa = PBXBuildFile; fileRef = 52B297562CD85ECD0005EF71 /* LoadingButtonView.swift */; };
		52B623F42B4CE11A008988DD /* HabitApp.swift in Sources */ = {isa = PBXBuildFile; fileRef = 52B623F32B4CE11A008988DD /* HabitApp.swift */; };
		52B623F82B4CE11B008988DD /* Assets.xcassets in Resources */ = {isa = PBXBuildFile; fileRef = 52B623F72B4CE11B008988DD /* Assets.xcassets */; };
		52B623FB2B4CE11B008988DD /* Preview Assets.xcassets in Resources */ = {isa = PBXBuildFile; fileRef = 52B623FA2B4CE11B008988DD /* Preview Assets.xcassets */; };
		52B624052B4CE11B008988DD /* HabitTests.swift in Sources */ = {isa = PBXBuildFile; fileRef = 52B624042B4CE11B008988DD /* HabitTests.swift */; };
		52B6240F2B4CE11B008988DD /* HabitUITests.swift in Sources */ = {isa = PBXBuildFile; fileRef = 52B6240E2B4CE11B008988DD /* HabitUITests.swift */; };
		52B624112B4CE11B008988DD /* HabitUITestsLaunchTests.swift in Sources */ = {isa = PBXBuildFile; fileRef = 52B624102B4CE11B008988DD /* HabitUITestsLaunchTests.swift */; };
		52B624212B4CE236008988DD /* SplashView.swift in Sources */ = {isa = PBXBuildFile; fileRef = 52B624202B4CE236008988DD /* SplashView.swift */; };
		52B624232B4E236A008988DD /* SplashUIState.swift in Sources */ = {isa = PBXBuildFile; fileRef = 52B624222B4E236A008988DD /* SplashUIState.swift */; };
		52B9EFED2CCF13EF00AF534B /* SignUpUIState.swift in Sources */ = {isa = PBXBuildFile; fileRef = 52B9EFEC2CCF13E800AF534B /* SignUpUIState.swift */; };
		52B9EFEF2CCF153600AF534B /* SignUpViewModel.swift in Sources */ = {isa = PBXBuildFile; fileRef = 52B9EFEE2CCF153100AF534B /* SignUpViewModel.swift */; };
		52B9EFF12CCF15B600AF534B /* SignUpViewRouter.swift in Sources */ = {isa = PBXBuildFile; fileRef = 52B9EFF02CCF15B100AF534B /* SignUpViewRouter.swift */; };
		52BA05E52DC0705F00A929F1 /* ProfileViewModel.swift in Sources */ = {isa = PBXBuildFile; fileRef = 52BA05E42DC0705B00A929F1 /* ProfileViewModel.swift */; };
		52C2309D2D12575D00CC6D99 /* AppError.swift in Sources */ = {isa = PBXBuildFile; fileRef = 52C2309C2D12575B00CC6D99 /* AppError.swift */; };
		52C648012CC45C5F000D2BFE /* SignUpView.swift in Sources */ = {isa = PBXBuildFile; fileRef = 52C648002CC45C58000D2BFE /* SignUpView.swift */; };
		52C648052CC461E8000D2BFE /* Gender.swift in Sources */ = {isa = PBXBuildFile; fileRef = 52C648042CC461E3000D2BFE /* Gender.swift */; };
		52F55B2C2DA7612E00532D1A /* HabitViewModel.swift in Sources */ = {isa = PBXBuildFile; fileRef = 52F55B1E2DA7612E00532D1A /* HabitViewModel.swift */; };
		52F55B2D2DA7612E00532D1A /* HabitRemoteDataSource.swift in Sources */ = {isa = PBXBuildFile; fileRef = 52F55B142DA7612E00532D1A /* HabitRemoteDataSource.swift */; };
		52F55B2E2DA7612E00532D1A /* HabitView.swift in Sources */ = {isa = PBXBuildFile; fileRef = 52F55B1A2DA7612E00532D1A /* HabitView.swift */; };
		52F55B2F2DA7612E00532D1A /* HabitCardView.swift in Sources */ = {isa = PBXBuildFile; fileRef = 52F55B192DA7612E00532D1A /* HabitCardView.swift */; };
		52F55B302DA7612E00532D1A /* HabitUIState.swift in Sources */ = {isa = PBXBuildFile; fileRef = 52F55B172DA7612E00532D1A /* HabitUIState.swift */; };
		52F55B312DA7612E00532D1A /* HabitDetailInteractor.swift in Sources */ = {isa = PBXBuildFile; fileRef = 52F55B212DA7612E00532D1A /* HabitDetailInteractor.swift */; };
		52F55B322DA7612E00532D1A /* HabitCardViewRouter.swift in Sources */ = {isa = PBXBuildFile; fileRef = 52F55B1D2DA7612E00532D1A /* HabitCardViewRouter.swift */; };
		52F55B332DA7612E00532D1A /* HabitDetailView.swift in Sources */ = {isa = PBXBuildFile; fileRef = 52F55B272DA7612E00532D1A /* HabitDetailView.swift */; };
		52F55B342DA7612E00532D1A /* HabitDetailRemoteDataSource.swift in Sources */ = {isa = PBXBuildFile; fileRef = 52F55B222DA7612E00532D1A /* HabitDetailRemoteDataSource.swift */; };
		52F55B352DA7612E00532D1A /* HabitResponse.swift in Sources */ = {isa = PBXBuildFile; fileRef = 52F55B162DA7612E00532D1A /* HabitResponse.swift */; };
		52F55B362DA7612E00532D1A /* HabitInteractor.swift in Sources */ = {isa = PBXBuildFile; fileRef = 52F55B132DA7612E00532D1A /* HabitInteractor.swift */; };
		52F55B372DA7612E00532D1A /* HabitDetailViewModel.swift in Sources */ = {isa = PBXBuildFile; fileRef = 52F55B292DA7612E00532D1A /* HabitDetailViewModel.swift */; };
		52F55B382DA7612E00532D1A /* HabitDetailUIState.swift in Sources */ = {isa = PBXBuildFile; fileRef = 52F55B242DA7612E00532D1A /* HabitDetailUIState.swift */; };
		52F55B392DA7612E00532D1A /* HabitValueRequest.swift in Sources */ = {isa = PBXBuildFile; fileRef = 52F55B252DA7612E00532D1A /* HabitValueRequest.swift */; };
		52F55B3A2DA7612E00532D1A /* HabitCardViewModel.swift in Sources */ = {isa = PBXBuildFile; fileRef = 52F55B1C2DA7612E00532D1A /* HabitCardViewModel.swift */; };
		52F55B3C2DA7615B00532D1A /* HomeViewRouter.swift in Sources */ = {isa = PBXBuildFile; fileRef = 52F55B3B2DA7615B00532D1A /* HomeViewRouter.swift */; };
		52F55B3E2DA7618200532D1A /* LocalDataSource.swift in Sources */ = {isa = PBXBuildFile; fileRef = 52F55B3D2DA7618200532D1A /* LocalDataSource.swift */; };
		52F55B422DA761A200532D1A /* SplashInteractor.swift in Sources */ = {isa = PBXBuildFile; fileRef = 52F55B3F2DA761A200532D1A /* SplashInteractor.swift */; };
		52F55B432DA761A200532D1A /* SplashRemoteDataSource.swift in Sources */ = {isa = PBXBuildFile; fileRef = 52F55B402DA761A200532D1A /* SplashRemoteDataSource.swift */; };
		52F55B452DA761BD00532D1A /* UserAuth.swift in Sources */ = {isa = PBXBuildFile; fileRef = 52F55B442DA761BD00532D1A /* UserAuth.swift */; };
		52F55B472DA761D800532D1A /* RefreshRequest.swift in Sources */ = {isa = PBXBuildFile; fileRef = 52F55B462DA761D800532D1A /* RefreshRequest.swift */; };
		52F55B4A2DA761F300532D1A /* ButtonStyle.swift in Sources */ = {isa = PBXBuildFile; fileRef = 52F55B482DA761F300532D1A /* ButtonStyle.swift */; };
		52FEAD262D06216E00DF0D6F /* SignInErrorResponse.swift in Sources */ = {isa = PBXBuildFile; fileRef = 52FEAD252D06216700DF0D6F /* SignInErrorResponse.swift */; };
		8C14E126A04D5F9763C78BC6 /* Pods_Habit.framework in Frameworks */ = {isa = PBXBuildFile; fileRef = A505CE0A137E26714459AE38 /* Pods_Habit.framework */; };
		A5B6FAA2DA838CAB25AEE86F /* Pods_Habit_HabitUITests.framework in Frameworks */ = {isa = PBXBuildFile; fileRef = 99D6E8A9EE94FFDD1A3D8362 /* Pods_Habit_HabitUITests.framework */; };
/* End PBXBuildFile section */

/* Begin PBXContainerItemProxy section */
		52B624012B4CE11B008988DD /* PBXContainerItemProxy */ = {
			isa = PBXContainerItemProxy;
			containerPortal = 52B623E82B4CE11A008988DD /* Project object */;
			proxyType = 1;
			remoteGlobalIDString = 52B623EF2B4CE11A008988DD;
			remoteInfo = Habit;
		};
		52B6240B2B4CE11B008988DD /* PBXContainerItemProxy */ = {
			isa = PBXContainerItemProxy;
			containerPortal = 52B623E82B4CE11A008988DD /* Project object */;
			proxyType = 1;
			remoteGlobalIDString = 52B623EF2B4CE11A008988DD;
			remoteInfo = Habit;
		};
/* End PBXContainerItemProxy section */

/* Begin PBXFileReference section */
		3329CA6C0945017D49C66F17 /* Pods-Habit.debug.xcconfig */ = {isa = PBXFileReference; includeInIndex = 1; lastKnownFileType = text.xcconfig; name = "Pods-Habit.debug.xcconfig"; path = "Target Support Files/Pods-Habit/Pods-Habit.debug.xcconfig"; sourceTree = "<group>"; };
		41ED9F82D2B2BBA391949365 /* Pods-HabitTests.debug.xcconfig */ = {isa = PBXFileReference; includeInIndex = 1; lastKnownFileType = text.xcconfig; name = "Pods-HabitTests.debug.xcconfig"; path = "Target Support Files/Pods-HabitTests/Pods-HabitTests.debug.xcconfig"; sourceTree = "<group>"; };
		520533502CBE180200661529 /* SignInView.swift */ = {isa = PBXFileReference; lastKnownFileType = sourcecode.swift; path = SignInView.swift; sourceTree = "<group>"; };
		520533522CBE186500661529 /* SignInViewModel.swift */ = {isa = PBXFileReference; lastKnownFileType = sourcecode.swift; path = SignInViewModel.swift; sourceTree = "<group>"; };
		520533542CBE191500661529 /* SplashViewRouter.swift */ = {isa = PBXFileReference; lastKnownFileType = sourcecode.swift; path = SplashViewRouter.swift; sourceTree = "<group>"; };
		521610B12CC0B4EF002333C2 /* SignInUIState.swift */ = {isa = PBXFileReference; lastKnownFileType = sourcecode.swift; path = SignInUIState.swift; sourceTree = "<group>"; };
		521610B32CC0B922002333C2 /* SignInViewRouter.swift */ = {isa = PBXFileReference; lastKnownFileType = sourcecode.swift; path = SignInViewRouter.swift; sourceTree = "<group>"; };
		521610BB2CC0B9AB002333C2 /* HomeView.swift */ = {isa = PBXFileReference; lastKnownFileType = sourcecode.swift; path = HomeView.swift; sourceTree = "<group>"; };
		521610BD2CC0B9BE002333C2 /* HomeViewModel.swift */ = {isa = PBXFileReference; lastKnownFileType = sourcecode.swift; path = HomeViewModel.swift; sourceTree = "<group>"; };
		5219031A2DBD8E8C00EA5528 /* ProfileView.swift */ = {isa = PBXFileReference; lastKnownFileType = sourcecode.swift; path = ProfileView.swift; sourceTree = "<group>"; };
		5219031C2DBEA5A900EA5528 /* GenderSelectorView.swift */ = {isa = PBXFileReference; lastKnownFileType = sourcecode.swift; path = GenderSelectorView.swift; sourceTree = "<group>"; };
		521CD6AD2CF0248C00489A86 /* WebService.swift */ = {isa = PBXFileReference; lastKnownFileType = sourcecode.swift; path = WebService.swift; sourceTree = "<group>"; };
		521F325E2DF7D1DE002C1699 /* ProfileResponse.swift */ = {isa = PBXFileReference; lastKnownFileType = sourcecode.swift; path = ProfileResponse.swift; sourceTree = "<group>"; };
		521F32612DF7D2EB002C1699 /* ProfileRemoteDataSource.swift */ = {isa = PBXFileReference; lastKnownFileType = sourcecode.swift; path = ProfileRemoteDataSource.swift; sourceTree = "<group>"; };
		521F32632DF91C14002C1699 /* ProfileInteractor.swift */ = {isa = PBXFileReference; lastKnownFileType = sourcecode.swift; path = ProfileInteractor.swift; sourceTree = "<group>"; };
		521F32652DF91E2D002C1699 /* ProfileUIState.swift */ = {isa = PBXFileReference; lastKnownFileType = sourcecode.swift; path = ProfileUIState.swift; sourceTree = "<group>"; };
		522C43112CF3BB0C0029232B /* SignUpRequest.swift */ = {isa = PBXFileReference; lastKnownFileType = sourcecode.swift; path = SignUpRequest.swift; sourceTree = "<group>"; };
		5233F0FA2E0CE1C100FD15FB /* ChartView.swift */ = {isa = PBXFileReference; lastKnownFileType = sourcecode.swift; path = ChartView.swift; sourceTree = "<group>"; };
		524685C42D014BBB00B4031A /* SignInRequest.swift */ = {isa = PBXFileReference; lastKnownFileType = sourcecode.swift; path = SignInRequest.swift; sourceTree = "<group>"; };
		524685C62D014CFE00B4031A /* SignInResponse.swift */ = {isa = PBXFileReference; lastKnownFileType = sourcecode.swift; path = SignInResponse.swift; sourceTree = "<group>"; };
		524711502CBF655300B21CE7 /* SplashViewModel.swift */ = {isa = PBXFileReference; lastKnownFileType = sourcecode.swift; path = SplashViewModel.swift; sourceTree = "<group>"; };
		524F0A622E00FDA100468DDC /* ProfileRequest.swift */ = {isa = PBXFileReference; lastKnownFileType = sourcecode.swift; path = ProfileRequest.swift; sourceTree = "<group>"; };
		5257304E2D07DF2700A54FC9 /* SignInInteractor.swift */ = {isa = PBXFileReference; lastKnownFileType = sourcecode.swift; path = SignInInteractor.swift; sourceTree = "<group>"; };
		525730502D07E16F00A54FC9 /* SignInRemoteDataSource.swift */ = {isa = PBXFileReference; lastKnownFileType = sourcecode.swift; path = SignInRemoteDataSource.swift; sourceTree = "<group>"; };
		52714AC02D2CB17400E0D613 /* SignUpInteractor.swift */ = {isa = PBXFileReference; lastKnownFileType = sourcecode.swift; path = SignUpInteractor.swift; sourceTree = "<group>"; };
		52714AC22D2CB26D00E0D613 /* SignUpRemoteDataSource.swift */ = {isa = PBXFileReference; lastKnownFileType = sourcecode.swift; path = SignUpRemoteDataSource.swift; sourceTree = "<group>"; };
		52935B812CFE944100C1E23E /* SignUpResponse.swift */ = {isa = PBXFileReference; lastKnownFileType = sourcecode.swift; path = SignUpResponse.swift; sourceTree = "<group>"; };
		52935B832CFE980000C1E23E /* ErrorResponse.swift */ = {isa = PBXFileReference; lastKnownFileType = sourcecode.swift; path = ErrorResponse.swift; sourceTree = "<group>"; };
		5296F5502DADD9210007DA13 /* ImageView.swift */ = {isa = PBXFileReference; lastKnownFileType = sourcecode.swift; path = ImageView.swift; sourceTree = "<group>"; };
		52B2974D2CD7F6A10005EF71 /* EditTextView.swift */ = {isa = PBXFileReference; lastKnownFileType = sourcecode.swift; path = EditTextView.swift; sourceTree = "<group>"; };
		52B297502CD8007C0005EF71 /* CustomTextFieldStyle.swift */ = {isa = PBXFileReference; lastKnownFileType = sourcecode.swift; path = CustomTextFieldStyle.swift; sourceTree = "<group>"; };
		52B297542CD85CDD0005EF71 /* String+Extension.swift */ = {isa = PBXFileReference; lastKnownFileType = sourcecode.swift; path = "String+Extension.swift"; sourceTree = "<group>"; };
		52B297562CD85ECD0005EF71 /* LoadingButtonView.swift */ = {isa = PBXFileReference; lastKnownFileType = sourcecode.swift; path = LoadingButtonView.swift; sourceTree = "<group>"; };
		52B623F02B4CE11A008988DD /* Habit.app */ = {isa = PBXFileReference; explicitFileType = wrapper.application; includeInIndex = 0; path = Habit.app; sourceTree = BUILT_PRODUCTS_DIR; };
		52B623F32B4CE11A008988DD /* HabitApp.swift */ = {isa = PBXFileReference; lastKnownFileType = sourcecode.swift; path = HabitApp.swift; sourceTree = "<group>"; };
		52B623F72B4CE11B008988DD /* Assets.xcassets */ = {isa = PBXFileReference; lastKnownFileType = folder.assetcatalog; path = Assets.xcassets; sourceTree = "<group>"; };
		52B623FA2B4CE11B008988DD /* Preview Assets.xcassets */ = {isa = PBXFileReference; lastKnownFileType = folder.assetcatalog; path = "Preview Assets.xcassets"; sourceTree = "<group>"; };
		52B624002B4CE11B008988DD /* HabitTests.xctest */ = {isa = PBXFileReference; explicitFileType = wrapper.cfbundle; includeInIndex = 0; path = HabitTests.xctest; sourceTree = BUILT_PRODUCTS_DIR; };
		52B624042B4CE11B008988DD /* HabitTests.swift */ = {isa = PBXFileReference; lastKnownFileType = sourcecode.swift; path = HabitTests.swift; sourceTree = "<group>"; };
		52B6240A2B4CE11B008988DD /* HabitUITests.xctest */ = {isa = PBXFileReference; explicitFileType = wrapper.cfbundle; includeInIndex = 0; path = HabitUITests.xctest; sourceTree = BUILT_PRODUCTS_DIR; };
		52B6240E2B4CE11B008988DD /* HabitUITests.swift */ = {isa = PBXFileReference; lastKnownFileType = sourcecode.swift; path = HabitUITests.swift; sourceTree = "<group>"; };
		52B624102B4CE11B008988DD /* HabitUITestsLaunchTests.swift */ = {isa = PBXFileReference; lastKnownFileType = sourcecode.swift; path = HabitUITestsLaunchTests.swift; sourceTree = "<group>"; };
		52B624202B4CE236008988DD /* SplashView.swift */ = {isa = PBXFileReference; lastKnownFileType = sourcecode.swift; path = SplashView.swift; sourceTree = "<group>"; };
		52B624222B4E236A008988DD /* SplashUIState.swift */ = {isa = PBXFileReference; lastKnownFileType = sourcecode.swift; path = SplashUIState.swift; sourceTree = "<group>"; };
		52B9EFEC2CCF13E800AF534B /* SignUpUIState.swift */ = {isa = PBXFileReference; lastKnownFileType = sourcecode.swift; path = SignUpUIState.swift; sourceTree = "<group>"; };
		52B9EFEE2CCF153100AF534B /* SignUpViewModel.swift */ = {isa = PBXFileReference; lastKnownFileType = sourcecode.swift; path = SignUpViewModel.swift; sourceTree = "<group>"; };
		52B9EFF02CCF15B100AF534B /* SignUpViewRouter.swift */ = {isa = PBXFileReference; lastKnownFileType = sourcecode.swift; path = SignUpViewRouter.swift; sourceTree = "<group>"; };
		52BA05E42DC0705B00A929F1 /* ProfileViewModel.swift */ = {isa = PBXFileReference; lastKnownFileType = sourcecode.swift; path = ProfileViewModel.swift; sourceTree = "<group>"; };
		52C2309C2D12575B00CC6D99 /* AppError.swift */ = {isa = PBXFileReference; lastKnownFileType = sourcecode.swift; path = AppError.swift; sourceTree = "<group>"; };
		52C648002CC45C58000D2BFE /* SignUpView.swift */ = {isa = PBXFileReference; lastKnownFileType = sourcecode.swift; path = SignUpView.swift; sourceTree = "<group>"; };
		52C648042CC461E3000D2BFE /* Gender.swift */ = {isa = PBXFileReference; lastKnownFileType = sourcecode.swift; path = Gender.swift; sourceTree = "<group>"; };
		52F55B132DA7612E00532D1A /* HabitInteractor.swift */ = {isa = PBXFileReference; lastKnownFileType = sourcecode.swift; path = HabitInteractor.swift; sourceTree = "<group>"; };
		52F55B142DA7612E00532D1A /* HabitRemoteDataSource.swift */ = {isa = PBXFileReference; lastKnownFileType = sourcecode.swift; path = HabitRemoteDataSource.swift; sourceTree = "<group>"; };
		52F55B162DA7612E00532D1A /* HabitResponse.swift */ = {isa = PBXFileReference; lastKnownFileType = sourcecode.swift; path = HabitResponse.swift; sourceTree = "<group>"; };
		52F55B172DA7612E00532D1A /* HabitUIState.swift */ = {isa = PBXFileReference; lastKnownFileType = sourcecode.swift; path = HabitUIState.swift; sourceTree = "<group>"; };
		52F55B192DA7612E00532D1A /* HabitCardView.swift */ = {isa = PBXFileReference; lastKnownFileType = sourcecode.swift; path = HabitCardView.swift; sourceTree = "<group>"; };
		52F55B1A2DA7612E00532D1A /* HabitView.swift */ = {isa = PBXFileReference; lastKnownFileType = sourcecode.swift; path = HabitView.swift; sourceTree = "<group>"; };
		52F55B1C2DA7612E00532D1A /* HabitCardViewModel.swift */ = {isa = PBXFileReference; lastKnownFileType = sourcecode.swift; path = HabitCardViewModel.swift; sourceTree = "<group>"; };
		52F55B1D2DA7612E00532D1A /* HabitCardViewRouter.swift */ = {isa = PBXFileReference; lastKnownFileType = sourcecode.swift; path = HabitCardViewRouter.swift; sourceTree = "<group>"; };
		52F55B1E2DA7612E00532D1A /* HabitViewModel.swift */ = {isa = PBXFileReference; lastKnownFileType = sourcecode.swift; path = HabitViewModel.swift; sourceTree = "<group>"; };
		52F55B212DA7612E00532D1A /* HabitDetailInteractor.swift */ = {isa = PBXFileReference; lastKnownFileType = sourcecode.swift; path = HabitDetailInteractor.swift; sourceTree = "<group>"; };
		52F55B222DA7612E00532D1A /* HabitDetailRemoteDataSource.swift */ = {isa = PBXFileReference; lastKnownFileType = sourcecode.swift; path = HabitDetailRemoteDataSource.swift; sourceTree = "<group>"; };
		52F55B242DA7612E00532D1A /* HabitDetailUIState.swift */ = {isa = PBXFileReference; lastKnownFileType = sourcecode.swift; path = HabitDetailUIState.swift; sourceTree = "<group>"; };
		52F55B252DA7612E00532D1A /* HabitValueRequest.swift */ = {isa = PBXFileReference; lastKnownFileType = sourcecode.swift; path = HabitValueRequest.swift; sourceTree = "<group>"; };
		52F55B272DA7612E00532D1A /* HabitDetailView.swift */ = {isa = PBXFileReference; lastKnownFileType = sourcecode.swift; path = HabitDetailView.swift; sourceTree = "<group>"; };
		52F55B292DA7612E00532D1A /* HabitDetailViewModel.swift */ = {isa = PBXFileReference; lastKnownFileType = sourcecode.swift; path = HabitDetailViewModel.swift; sourceTree = "<group>"; };
		52F55B3B2DA7615B00532D1A /* HomeViewRouter.swift */ = {isa = PBXFileReference; lastKnownFileType = sourcecode.swift; path = HomeViewRouter.swift; sourceTree = "<group>"; };
		52F55B3D2DA7618200532D1A /* LocalDataSource.swift */ = {isa = PBXFileReference; lastKnownFileType = sourcecode.swift; path = LocalDataSource.swift; sourceTree = "<group>"; };
		52F55B3F2DA761A200532D1A /* SplashInteractor.swift */ = {isa = PBXFileReference; lastKnownFileType = sourcecode.swift; path = SplashInteractor.swift; sourceTree = "<group>"; };
		52F55B402DA761A200532D1A /* SplashRemoteDataSource.swift */ = {isa = PBXFileReference; lastKnownFileType = sourcecode.swift; path = SplashRemoteDataSource.swift; sourceTree = "<group>"; };
		52F55B442DA761BD00532D1A /* UserAuth.swift */ = {isa = PBXFileReference; lastKnownFileType = sourcecode.swift; path = UserAuth.swift; sourceTree = "<group>"; };
		52F55B462DA761D800532D1A /* RefreshRequest.swift */ = {isa = PBXFileReference; lastKnownFileType = sourcecode.swift; path = RefreshRequest.swift; sourceTree = "<group>"; };
		52F55B482DA761F300532D1A /* ButtonStyle.swift */ = {isa = PBXFileReference; lastKnownFileType = sourcecode.swift; path = ButtonStyle.swift; sourceTree = "<group>"; };
		52FEAD252D06216700DF0D6F /* SignInErrorResponse.swift */ = {isa = PBXFileReference; lastKnownFileType = sourcecode.swift; path = SignInErrorResponse.swift; sourceTree = "<group>"; };
		640E12B94D51F299256E5D6C /* Pods-HabitTests.release.xcconfig */ = {isa = PBXFileReference; includeInIndex = 1; lastKnownFileType = text.xcconfig; name = "Pods-HabitTests.release.xcconfig"; path = "Target Support Files/Pods-HabitTests/Pods-HabitTests.release.xcconfig"; sourceTree = "<group>"; };
		6D8D171E82FA9B20C31E29D5 /* Pods-Habit.release.xcconfig */ = {isa = PBXFileReference; includeInIndex = 1; lastKnownFileType = text.xcconfig; name = "Pods-Habit.release.xcconfig"; path = "Target Support Files/Pods-Habit/Pods-Habit.release.xcconfig"; sourceTree = "<group>"; };
		99D6E8A9EE94FFDD1A3D8362 /* Pods_Habit_HabitUITests.framework */ = {isa = PBXFileReference; explicitFileType = wrapper.framework; includeInIndex = 0; path = Pods_Habit_HabitUITests.framework; sourceTree = BUILT_PRODUCTS_DIR; };
		9E2AA4AD1E0F2A24E4457460 /* Pods-Habit-HabitUITests.debug.xcconfig */ = {isa = PBXFileReference; includeInIndex = 1; lastKnownFileType = text.xcconfig; name = "Pods-Habit-HabitUITests.debug.xcconfig"; path = "Target Support Files/Pods-Habit-HabitUITests/Pods-Habit-HabitUITests.debug.xcconfig"; sourceTree = "<group>"; };
		A505CE0A137E26714459AE38 /* Pods_Habit.framework */ = {isa = PBXFileReference; explicitFileType = wrapper.framework; includeInIndex = 0; path = Pods_Habit.framework; sourceTree = BUILT_PRODUCTS_DIR; };
		B7B749D77029E60D10BDBAC2 /* Pods_HabitTests.framework */ = {isa = PBXFileReference; explicitFileType = wrapper.framework; includeInIndex = 0; path = Pods_HabitTests.framework; sourceTree = BUILT_PRODUCTS_DIR; };
		EDCBE27238F10FF88EDA6FBA /* Pods-Habit-HabitUITests.release.xcconfig */ = {isa = PBXFileReference; includeInIndex = 1; lastKnownFileType = text.xcconfig; name = "Pods-Habit-HabitUITests.release.xcconfig"; path = "Target Support Files/Pods-Habit-HabitUITests/Pods-Habit-HabitUITests.release.xcconfig"; sourceTree = "<group>"; };
/* End PBXFileReference section */

/* Begin PBXFrameworksBuildPhase section */
		52B623ED2B4CE11A008988DD /* Frameworks */ = {
			isa = PBXFrameworksBuildPhase;
			buildActionMask = 2147483647;
			files = (
				8C14E126A04D5F9763C78BC6 /* Pods_Habit.framework in Frameworks */,
			);
			runOnlyForDeploymentPostprocessing = 0;
		};
		52B623FD2B4CE11B008988DD /* Frameworks */ = {
			isa = PBXFrameworksBuildPhase;
			buildActionMask = 2147483647;
			files = (
				4BE021492E82450411F2BD2A /* Pods_HabitTests.framework in Frameworks */,
			);
			runOnlyForDeploymentPostprocessing = 0;
		};
		52B624072B4CE11B008988DD /* Frameworks */ = {
			isa = PBXFrameworksBuildPhase;
			buildActionMask = 2147483647;
			files = (
				A5B6FAA2DA838CAB25AEE86F /* Pods_Habit_HabitUITests.framework in Frameworks */,
			);
			runOnlyForDeploymentPostprocessing = 0;
		};
/* End PBXFrameworksBuildPhase section */

/* Begin PBXGroup section */
		520533492CBCC10E00661529 /* ViewModel */ = {
			isa = PBXGroup;
			children = (
				524711502CBF655300B21CE7 /* SplashViewModel.swift */,
				520533542CBE191500661529 /* SplashViewRouter.swift */,
			);
			path = ViewModel;
			sourceTree = "<group>";
		};
		5205334C2CBE17DA00661529 /* SignIn */ = {
			isa = PBXGroup;
			children = (
				5257304D2D07DF2000A54FC9 /* Interactor */,
				5205334F2CBE17F100661529 /* ViewModel */,
				5205334E2CBE17EB00661529 /* Model */,
				5205334D2CBE17E500661529 /* View */,
			);
			path = SignIn;
			sourceTree = "<group>";
		};
		5205334D2CBE17E500661529 /* View */ = {
			isa = PBXGroup;
			children = (
				520533502CBE180200661529 /* SignInView.swift */,
			);
			path = View;
			sourceTree = "<group>";
		};
		5205334E2CBE17EB00661529 /* Model */ = {
			isa = PBXGroup;
			children = (
				52FEAD252D06216700DF0D6F /* SignInErrorResponse.swift */,
				524685C62D014CFE00B4031A /* SignInResponse.swift */,
				524685C42D014BBB00B4031A /* SignInRequest.swift */,
				521610B12CC0B4EF002333C2 /* SignInUIState.swift */,
			);
			path = Model;
			sourceTree = "<group>";
		};
		5205334F2CBE17F100661529 /* ViewModel */ = {
			isa = PBXGroup;
			children = (
				521610B32CC0B922002333C2 /* SignInViewRouter.swift */,
				520533522CBE186500661529 /* SignInViewModel.swift */,
			);
			path = ViewModel;
			sourceTree = "<group>";
		};
		521610B52CC0B972002333C2 /* Home */ = {
			isa = PBXGroup;
			children = (
				521610BA2CC0B999002333C2 /* ViewModel */,
				521610B92CC0B993002333C2 /* Model */,
				521610B82CC0B98B002333C2 /* View */,
			);
			path = Home;
			sourceTree = "<group>";
		};
		521610B82CC0B98B002333C2 /* View */ = {
			isa = PBXGroup;
			children = (
				521610BB2CC0B9AB002333C2 /* HomeView.swift */,
			);
			path = View;
			sourceTree = "<group>";
		};
		521610B92CC0B993002333C2 /* Model */ = {
			isa = PBXGroup;
			children = (
			);
			path = Model;
			sourceTree = "<group>";
		};
		521610BA2CC0B999002333C2 /* ViewModel */ = {
			isa = PBXGroup;
			children = (
				52F55B3B2DA7615B00532D1A /* HomeViewRouter.swift */,
				521610BD2CC0B9BE002333C2 /* HomeViewModel.swift */,
			);
			path = ViewModel;
			sourceTree = "<group>";
		};
		521903162DBD8E6D00EA5528 /* Profile */ = {
			isa = PBXGroup;
			children = (
				521F32602DF7D2E4002C1699 /* Interactor */,
				521903192DBD8E8400EA5528 /* ViewModel */,
				521903182DBD8E7E00EA5528 /* View */,
				521903172DBD8E7800EA5528 /* Model */,
			);
			path = Profile;
			sourceTree = "<group>";
		};
		521903172DBD8E7800EA5528 /* Model */ = {
			isa = PBXGroup;
			children = (
				524F0A622E00FDA100468DDC /* ProfileRequest.swift */,
				521F32652DF91E2D002C1699 /* ProfileUIState.swift */,
				521F325E2DF7D1DE002C1699 /* ProfileResponse.swift */,
			);
			path = Model;
			sourceTree = "<group>";
		};
		521903182DBD8E7E00EA5528 /* View */ = {
			isa = PBXGroup;
			children = (
				5219031C2DBEA5A900EA5528 /* GenderSelectorView.swift */,
				5219031A2DBD8E8C00EA5528 /* ProfileView.swift */,
			);
			path = View;
			sourceTree = "<group>";
		};
		521903192DBD8E8400EA5528 /* ViewModel */ = {
			isa = PBXGroup;
			children = (
				52BA05E42DC0705B00A929F1 /* ProfileViewModel.swift */,
			);
			path = ViewModel;
			sourceTree = "<group>";
		};
		521CD6AC2CF0247D00489A86 /* Network */ = {
			isa = PBXGroup;
			children = (
				52F55B3D2DA7618200532D1A /* LocalDataSource.swift */,
				521CD6AD2CF0248C00489A86 /* WebService.swift */,
			);
			path = Network;
			sourceTree = "<group>";
		};
		521F32602DF7D2E4002C1699 /* Interactor */ = {
			isa = PBXGroup;
			children = (
				521F32632DF91C14002C1699 /* ProfileInteractor.swift */,
				521F32612DF7D2EB002C1699 /* ProfileRemoteDataSource.swift */,
			);
			path = Interactor;
			sourceTree = "<group>";
		};
		5233F0F62E0CE19E00FD15FB /* Charts */ = {
			isa = PBXGroup;
			children = (
				5233F0F92E0CE1B800FD15FB /* Model */,
				5233F0F82E0CE1B200FD15FB /* ViewModel */,
				5233F0F72E0CE1A900FD15FB /* View */,
			);
			path = Charts;
			sourceTree = "<group>";
		};
		5233F0F72E0CE1A900FD15FB /* View */ = {
			isa = PBXGroup;
			children = (
				5233F0FA2E0CE1C100FD15FB /* ChartView.swift */,
			);
			path = View;
			sourceTree = "<group>";
		};
		5233F0F82E0CE1B200FD15FB /* ViewModel */ = {
			isa = PBXGroup;
			children = (
			);
			path = ViewModel;
			sourceTree = "<group>";
		};
		5233F0F92E0CE1B800FD15FB /* Model */ = {
			isa = PBXGroup;
			children = (
			);
			path = Model;
			sourceTree = "<group>";
		};
		5257304D2D07DF2000A54FC9 /* Interactor */ = {
			isa = PBXGroup;
			children = (
				5257304E2D07DF2700A54FC9 /* SignInInteractor.swift */,
				525730502D07E16F00A54FC9 /* SignInRemoteDataSource.swift */,
			);
			path = Interactor;
			sourceTree = "<group>";
		};
		52714ABF2D2CB16E00E0D613 /* Interactor */ = {
			isa = PBXGroup;
			children = (
				52714AC22D2CB26D00E0D613 /* SignUpRemoteDataSource.swift */,
				52714AC02D2CB17400E0D613 /* SignUpInteractor.swift */,
			);
			path = Interactor;
			sourceTree = "<group>";
		};
		52B2974F2CD800740005EF71 /* Style */ = {
			isa = PBXGroup;
			children = (
				52B297502CD8007C0005EF71 /* CustomTextFieldStyle.swift */,
			);
			path = Style;
			sourceTree = "<group>";
		};
		52B297522CD85CB10005EF71 /* Lang */ = {
			isa = PBXGroup;
			children = (
				52B297542CD85CDD0005EF71 /* String+Extension.swift */,
			);
			path = Lang;
			sourceTree = "<group>";
		};
		52B623E72B4CE11A008988DD = {
			isa = PBXGroup;
			children = (
				52B623F22B4CE11A008988DD /* Habit */,
				52B624032B4CE11B008988DD /* HabitTests */,
				52B6240D2B4CE11B008988DD /* HabitUITests */,
				52B623F12B4CE11A008988DD /* Products */,
				74BDC8B632ED077B44FEDEAB /* Pods */,
				57028E6EFDB7D58C87F28CE5 /* Frameworks */,
			);
			sourceTree = "<group>";
		};
		52B623F12B4CE11A008988DD /* Products */ = {
			isa = PBXGroup;
			children = (
				52B623F02B4CE11A008988DD /* Habit.app */,
				52B624002B4CE11B008988DD /* HabitTests.xctest */,
				52B6240A2B4CE11B008988DD /* HabitUITests.xctest */,
			);
			name = Products;
			sourceTree = "<group>";
		};
		52B623F22B4CE11A008988DD /* Habit */ = {
			isa = PBXGroup;
			children = (
				5233F0F62E0CE19E00FD15FB /* Charts */,
				521903162DBD8E6D00EA5528 /* Profile */,
				52F55B202DA7612E00532D1A /* Habit */,
				52F55B2B2DA7612E00532D1A /* HabitDetail */,
				52C648022CC461CA000D2BFE /* Common */,
				52C647FC2CC45C40000D2BFE /* SignUp */,
				521610B52CC0B972002333C2 /* Home */,
				5205334C2CBE17DA00661529 /* SignIn */,
				52B6241D2B4CE1D8008988DD /* Splash */,
				52B623F32B4CE11A008988DD /* HabitApp.swift */,
				52B623F72B4CE11B008988DD /* Assets.xcassets */,
				52B623F92B4CE11B008988DD /* Preview Content */,
			);
			path = Habit;
			sourceTree = "<group>";
		};
		52B623F92B4CE11B008988DD /* Preview Content */ = {
			isa = PBXGroup;
			children = (
				52B623FA2B4CE11B008988DD /* Preview Assets.xcassets */,
			);
			path = "Preview Content";
			sourceTree = "<group>";
		};
		52B624032B4CE11B008988DD /* HabitTests */ = {
			isa = PBXGroup;
			children = (
				52B624042B4CE11B008988DD /* HabitTests.swift */,
			);
			path = HabitTests;
			sourceTree = "<group>";
		};
		52B6240D2B4CE11B008988DD /* HabitUITests */ = {
			isa = PBXGroup;
			children = (
				52B6240E2B4CE11B008988DD /* HabitUITests.swift */,
				52B624102B4CE11B008988DD /* HabitUITestsLaunchTests.swift */,
			);
			path = HabitUITests;
			sourceTree = "<group>";
		};
		52B6241D2B4CE1D8008988DD /* Splash */ = {
			isa = PBXGroup;
			children = (
				52F55B412DA761A200532D1A /* Interactor */,
				520533492CBCC10E00661529 /* ViewModel */,
				52B6241F2B4CE1FE008988DD /* Model */,
				52B6241E2B4CE1E6008988DD /* View */,
			);
			path = Splash;
			sourceTree = "<group>";
		};
		52B6241E2B4CE1E6008988DD /* View */ = {
			isa = PBXGroup;
			children = (
				52B624202B4CE236008988DD /* SplashView.swift */,
			);
			path = View;
			sourceTree = "<group>";
		};
		52B6241F2B4CE1FE008988DD /* Model */ = {
			isa = PBXGroup;
			children = (
				52F55B462DA761D800532D1A /* RefreshRequest.swift */,
				52B624222B4E236A008988DD /* SplashUIState.swift */,
			);
			path = Model;
			sourceTree = "<group>";
		};
		52C647FC2CC45C40000D2BFE /* SignUp */ = {
			isa = PBXGroup;
			children = (
				52714ABF2D2CB16E00E0D613 /* Interactor */,
				52C647FF2CC45C51000D2BFE /* ViewModel */,
				52C647FE2CC45C4C000D2BFE /* Model */,
				52C647FD2CC45C46000D2BFE /* View */,
			);
			path = SignUp;
			sourceTree = "<group>";
		};
		52C647FD2CC45C46000D2BFE /* View */ = {
			isa = PBXGroup;
			children = (
				52C648002CC45C58000D2BFE /* SignUpView.swift */,
			);
			path = View;
			sourceTree = "<group>";
		};
		52C647FE2CC45C4C000D2BFE /* Model */ = {
			isa = PBXGroup;
			children = (
				52935B812CFE944100C1E23E /* SignUpResponse.swift */,
				522C43112CF3BB0C0029232B /* SignUpRequest.swift */,
				52B9EFEC2CCF13E800AF534B /* SignUpUIState.swift */,
			);
			path = Model;
			sourceTree = "<group>";
		};
		52C647FF2CC45C51000D2BFE /* ViewModel */ = {
			isa = PBXGroup;
			children = (
				52B9EFF02CCF15B100AF534B /* SignUpViewRouter.swift */,
				52B9EFEE2CCF153100AF534B /* SignUpViewModel.swift */,
			);
			path = ViewModel;
			sourceTree = "<group>";
		};
		52C648022CC461CA000D2BFE /* Common */ = {
			isa = PBXGroup;
			children = (
				521CD6AC2CF0247D00489A86 /* Network */,
				52B297522CD85CB10005EF71 /* Lang */,
				52FCE44E2CD7F63400EA1E7A /* View */,
				52C648032CC461D8000D2BFE /* Model */,
			);
			path = Common;
			sourceTree = "<group>";
		};
		52C648032CC461D8000D2BFE /* Model */ = {
			isa = PBXGroup;
			children = (
				52F55B442DA761BD00532D1A /* UserAuth.swift */,
				52C2309C2D12575B00CC6D99 /* AppError.swift */,
				52935B832CFE980000C1E23E /* ErrorResponse.swift */,
				52C648042CC461E3000D2BFE /* Gender.swift */,
			);
			path = Model;
			sourceTree = "<group>";
		};
		52F55B152DA7612E00532D1A /* Interactor */ = {
			isa = PBXGroup;
			children = (
				52F55B132DA7612E00532D1A /* HabitInteractor.swift */,
				52F55B142DA7612E00532D1A /* HabitRemoteDataSource.swift */,
			);
			path = Interactor;
			sourceTree = "<group>";
		};
		52F55B182DA7612E00532D1A /* Model */ = {
			isa = PBXGroup;
			children = (
				52F55B162DA7612E00532D1A /* HabitResponse.swift */,
				52F55B172DA7612E00532D1A /* HabitUIState.swift */,
			);
			path = Model;
			sourceTree = "<group>";
		};
		52F55B1B2DA7612E00532D1A /* View */ = {
			isa = PBXGroup;
			children = (
				52F55B192DA7612E00532D1A /* HabitCardView.swift */,
				52F55B1A2DA7612E00532D1A /* HabitView.swift */,
			);
			path = View;
			sourceTree = "<group>";
		};
		52F55B1F2DA7612E00532D1A /* ViewModel */ = {
			isa = PBXGroup;
			children = (
				52F55B1C2DA7612E00532D1A /* HabitCardViewModel.swift */,
				52F55B1D2DA7612E00532D1A /* HabitCardViewRouter.swift */,
				52F55B1E2DA7612E00532D1A /* HabitViewModel.swift */,
			);
			path = ViewModel;
			sourceTree = "<group>";
		};
		52F55B202DA7612E00532D1A /* Habit */ = {
			isa = PBXGroup;
			children = (
				52F55B152DA7612E00532D1A /* Interactor */,
				52F55B182DA7612E00532D1A /* Model */,
				52F55B1B2DA7612E00532D1A /* View */,
				52F55B1F2DA7612E00532D1A /* ViewModel */,
			);
			path = Habit;
			sourceTree = "<group>";
		};
		52F55B232DA7612E00532D1A /* Interactor */ = {
			isa = PBXGroup;
			children = (
				52F55B212DA7612E00532D1A /* HabitDetailInteractor.swift */,
				52F55B222DA7612E00532D1A /* HabitDetailRemoteDataSource.swift */,
			);
			path = Interactor;
			sourceTree = "<group>";
		};
		52F55B262DA7612E00532D1A /* Model */ = {
			isa = PBXGroup;
			children = (
				52F55B242DA7612E00532D1A /* HabitDetailUIState.swift */,
				52F55B252DA7612E00532D1A /* HabitValueRequest.swift */,
			);
			path = Model;
			sourceTree = "<group>";
		};
		52F55B282DA7612E00532D1A /* View */ = {
			isa = PBXGroup;
			children = (
				52F55B272DA7612E00532D1A /* HabitDetailView.swift */,
			);
			path = View;
			sourceTree = "<group>";
		};
		52F55B2A2DA7612E00532D1A /* ViewModel */ = {
			isa = PBXGroup;
			children = (
				52F55B292DA7612E00532D1A /* HabitDetailViewModel.swift */,
			);
			path = ViewModel;
			sourceTree = "<group>";
		};
		52F55B2B2DA7612E00532D1A /* HabitDetail */ = {
			isa = PBXGroup;
			children = (
				52F55B232DA7612E00532D1A /* Interactor */,
				52F55B262DA7612E00532D1A /* Model */,
				52F55B282DA7612E00532D1A /* View */,
				52F55B2A2DA7612E00532D1A /* ViewModel */,
			);
			path = HabitDetail;
			sourceTree = "<group>";
		};
		52F55B412DA761A200532D1A /* Interactor */ = {
			isa = PBXGroup;
			children = (
				52F55B3F2DA761A200532D1A /* SplashInteractor.swift */,
				52F55B402DA761A200532D1A /* SplashRemoteDataSource.swift */,
			);
			path = Interactor;
			sourceTree = "<group>";
		};
		52F55B492DA761F300532D1A /* Modifier */ = {
			isa = PBXGroup;
			children = (
				52F55B482DA761F300532D1A /* ButtonStyle.swift */,
			);
			path = Modifier;
			sourceTree = "<group>";
		};
		52FCE44E2CD7F63400EA1E7A /* View */ = {
			isa = PBXGroup;
			children = (
				5296F5502DADD9210007DA13 /* ImageView.swift */,
				52F55B492DA761F300532D1A /* Modifier */,
				52B2974F2CD800740005EF71 /* Style */,
				52B2974D2CD7F6A10005EF71 /* EditTextView.swift */,
				52B297562CD85ECD0005EF71 /* LoadingButtonView.swift */,
			);
			path = View;
			sourceTree = "<group>";
		};
		57028E6EFDB7D58C87F28CE5 /* Frameworks */ = {
			isa = PBXGroup;
			children = (
				A505CE0A137E26714459AE38 /* Pods_Habit.framework */,
				99D6E8A9EE94FFDD1A3D8362 /* Pods_Habit_HabitUITests.framework */,
				B7B749D77029E60D10BDBAC2 /* Pods_HabitTests.framework */,
			);
			name = Frameworks;
			sourceTree = "<group>";
		};
		74BDC8B632ED077B44FEDEAB /* Pods */ = {
			isa = PBXGroup;
			children = (
				3329CA6C0945017D49C66F17 /* Pods-Habit.debug.xcconfig */,
				6D8D171E82FA9B20C31E29D5 /* Pods-Habit.release.xcconfig */,
				9E2AA4AD1E0F2A24E4457460 /* Pods-Habit-HabitUITests.debug.xcconfig */,
				EDCBE27238F10FF88EDA6FBA /* Pods-Habit-HabitUITests.release.xcconfig */,
				41ED9F82D2B2BBA391949365 /* Pods-HabitTests.debug.xcconfig */,
				640E12B94D51F299256E5D6C /* Pods-HabitTests.release.xcconfig */,
			);
			path = Pods;
			sourceTree = "<group>";
		};
/* End PBXGroup section */

/* Begin PBXNativeTarget section */
		52B623EF2B4CE11A008988DD /* Habit */ = {
			isa = PBXNativeTarget;
			buildConfigurationList = 52B624142B4CE11B008988DD /* Build configuration list for PBXNativeTarget "Habit" */;
			buildPhases = (
				D376C06F25A2288F9CD3EE46 /* [CP] Check Pods Manifest.lock */,
				52B623EC2B4CE11A008988DD /* Sources */,
				52B623ED2B4CE11A008988DD /* Frameworks */,
				52B623EE2B4CE11A008988DD /* Resources */,
				B69B68C7DDA5CB081C106634 /* [CP] Embed Pods Frameworks */,
			);
			buildRules = (
			);
			dependencies = (
			);
			name = Habit;
			productName = Habit;
			productReference = 52B623F02B4CE11A008988DD /* Habit.app */;
			productType = "com.apple.product-type.application";
		};
		52B623FF2B4CE11B008988DD /* HabitTests */ = {
			isa = PBXNativeTarget;
			buildConfigurationList = 52B624172B4CE11B008988DD /* Build configuration list for PBXNativeTarget "HabitTests" */;
			buildPhases = (
				0ABC78516E540314C127D725 /* [CP] Check Pods Manifest.lock */,
				52B623FC2B4CE11B008988DD /* Sources */,
				52B623FD2B4CE11B008988DD /* Frameworks */,
				52B623FE2B4CE11B008988DD /* Resources */,
			);
			buildRules = (
			);
			dependencies = (
				52B624022B4CE11B008988DD /* PBXTargetDependency */,
			);
			name = HabitTests;
			productName = HabitTests;
			productReference = 52B624002B4CE11B008988DD /* HabitTests.xctest */;
			productType = "com.apple.product-type.bundle.unit-test";
		};
		52B624092B4CE11B008988DD /* HabitUITests */ = {
			isa = PBXNativeTarget;
			buildConfigurationList = 52B6241A2B4CE11B008988DD /* Build configuration list for PBXNativeTarget "HabitUITests" */;
			buildPhases = (
				BFE94236CAF3F35FBAF974BC /* [CP] Check Pods Manifest.lock */,
				52B624062B4CE11B008988DD /* Sources */,
				52B624072B4CE11B008988DD /* Frameworks */,
				52B624082B4CE11B008988DD /* Resources */,
				D08EBB55951F91BC63BD3EC0 /* [CP] Embed Pods Frameworks */,
			);
			buildRules = (
			);
			dependencies = (
				52B6240C2B4CE11B008988DD /* PBXTargetDependency */,
			);
			name = HabitUITests;
			productName = HabitUITests;
			productReference = 52B6240A2B4CE11B008988DD /* HabitUITests.xctest */;
			productType = "com.apple.product-type.bundle.ui-testing";
		};
/* End PBXNativeTarget section */

/* Begin PBXProject section */
		52B623E82B4CE11A008988DD /* Project object */ = {
			isa = PBXProject;
			attributes = {
				BuildIndependentTargetsInParallel = 1;
				LastSwiftUpdateCheck = 1500;
				LastUpgradeCheck = 1500;
				TargetAttributes = {
					52B623EF2B4CE11A008988DD = {
						CreatedOnToolsVersion = 15.0;
					};
					52B623FF2B4CE11B008988DD = {
						CreatedOnToolsVersion = 15.0;
						TestTargetID = 52B623EF2B4CE11A008988DD;
					};
					52B624092B4CE11B008988DD = {
						CreatedOnToolsVersion = 15.0;
						TestTargetID = 52B623EF2B4CE11A008988DD;
					};
				};
			};
			buildConfigurationList = 52B623EB2B4CE11A008988DD /* Build configuration list for PBXProject "Habit" */;
			compatibilityVersion = "Xcode 14.0";
			developmentRegion = en;
			hasScannedForEncodings = 0;
			knownRegions = (
				en,
				Base,
			);
			mainGroup = 52B623E72B4CE11A008988DD;
			productRefGroup = 52B623F12B4CE11A008988DD /* Products */;
			projectDirPath = "";
			projectRoot = "";
			targets = (
				52B623EF2B4CE11A008988DD /* Habit */,
				52B623FF2B4CE11B008988DD /* HabitTests */,
				52B624092B4CE11B008988DD /* HabitUITests */,
			);
		};
/* End PBXProject section */

/* Begin PBXResourcesBuildPhase section */
		52B623EE2B4CE11A008988DD /* Resources */ = {
			isa = PBXResourcesBuildPhase;
			buildActionMask = 2147483647;
			files = (
				52B623FB2B4CE11B008988DD /* Preview Assets.xcassets in Resources */,
				52B623F82B4CE11B008988DD /* Assets.xcassets in Resources */,
			);
			runOnlyForDeploymentPostprocessing = 0;
		};
		52B623FE2B4CE11B008988DD /* Resources */ = {
			isa = PBXResourcesBuildPhase;
			buildActionMask = 2147483647;
			files = (
			);
			runOnlyForDeploymentPostprocessing = 0;
		};
		52B624082B4CE11B008988DD /* Resources */ = {
			isa = PBXResourcesBuildPhase;
			buildActionMask = 2147483647;
			files = (
			);
			runOnlyForDeploymentPostprocessing = 0;
		};
/* End PBXResourcesBuildPhase section */

/* Begin PBXShellScriptBuildPhase section */
		0ABC78516E540314C127D725 /* [CP] Check Pods Manifest.lock */ = {
			isa = PBXShellScriptBuildPhase;
			buildActionMask = 2147483647;
			files = (
			);
			inputFileListPaths = (
			);
			inputPaths = (
				"${PODS_PODFILE_DIR_PATH}/Podfile.lock",
				"${PODS_ROOT}/Manifest.lock",
			);
			name = "[CP] Check Pods Manifest.lock";
			outputFileListPaths = (
			);
			outputPaths = (
				"$(DERIVED_FILE_DIR)/Pods-HabitTests-checkManifestLockResult.txt",
			);
			runOnlyForDeploymentPostprocessing = 0;
			shellPath = /bin/sh;
			shellScript = "diff \"${PODS_PODFILE_DIR_PATH}/Podfile.lock\" \"${PODS_ROOT}/Manifest.lock\" > /dev/null\nif [ $? != 0 ] ; then\n    # print error to STDERR\n    echo \"error: The sandbox is not in sync with the Podfile.lock. Run 'pod install' or update your CocoaPods installation.\" >&2\n    exit 1\nfi\n# This output is used by Xcode 'outputs' to avoid re-running this script phase.\necho \"SUCCESS\" > \"${SCRIPT_OUTPUT_FILE_0}\"\n";
			showEnvVarsInLog = 0;
		};
		B69B68C7DDA5CB081C106634 /* [CP] Embed Pods Frameworks */ = {
			isa = PBXShellScriptBuildPhase;
			buildActionMask = 2147483647;
			files = (
			);
			inputFileListPaths = (
				"${PODS_ROOT}/Target Support Files/Pods-Habit/Pods-Habit-frameworks-${CONFIGURATION}-input-files.xcfilelist",
			);
			inputPaths = (
			);
			name = "[CP] Embed Pods Frameworks";
			outputFileListPaths = (
				"${PODS_ROOT}/Target Support Files/Pods-Habit/Pods-Habit-frameworks-${CONFIGURATION}-output-files.xcfilelist",
			);
			outputPaths = (
			);
			runOnlyForDeploymentPostprocessing = 0;
			shellPath = /bin/sh;
			shellScript = "\"${PODS_ROOT}/Target Support Files/Pods-Habit/Pods-Habit-frameworks.sh\"\n";
			showEnvVarsInLog = 0;
		};
		BFE94236CAF3F35FBAF974BC /* [CP] Check Pods Manifest.lock */ = {
			isa = PBXShellScriptBuildPhase;
			buildActionMask = 2147483647;
			files = (
			);
			inputFileListPaths = (
			);
			inputPaths = (
				"${PODS_PODFILE_DIR_PATH}/Podfile.lock",
				"${PODS_ROOT}/Manifest.lock",
			);
			name = "[CP] Check Pods Manifest.lock";
			outputFileListPaths = (
			);
			outputPaths = (
				"$(DERIVED_FILE_DIR)/Pods-Habit-HabitUITests-checkManifestLockResult.txt",
			);
			runOnlyForDeploymentPostprocessing = 0;
			shellPath = /bin/sh;
			shellScript = "diff \"${PODS_PODFILE_DIR_PATH}/Podfile.lock\" \"${PODS_ROOT}/Manifest.lock\" > /dev/null\nif [ $? != 0 ] ; then\n    # print error to STDERR\n    echo \"error: The sandbox is not in sync with the Podfile.lock. Run 'pod install' or update your CocoaPods installation.\" >&2\n    exit 1\nfi\n# This output is used by Xcode 'outputs' to avoid re-running this script phase.\necho \"SUCCESS\" > \"${SCRIPT_OUTPUT_FILE_0}\"\n";
			showEnvVarsInLog = 0;
		};
		D08EBB55951F91BC63BD3EC0 /* [CP] Embed Pods Frameworks */ = {
			isa = PBXShellScriptBuildPhase;
			buildActionMask = 2147483647;
			files = (
			);
			inputFileListPaths = (
				"${PODS_ROOT}/Target Support Files/Pods-Habit-HabitUITests/Pods-Habit-HabitUITests-frameworks-${CONFIGURATION}-input-files.xcfilelist",
			);
			inputPaths = (
			);
			name = "[CP] Embed Pods Frameworks";
			outputFileListPaths = (
				"${PODS_ROOT}/Target Support Files/Pods-Habit-HabitUITests/Pods-Habit-HabitUITests-frameworks-${CONFIGURATION}-output-files.xcfilelist",
			);
			outputPaths = (
			);
			runOnlyForDeploymentPostprocessing = 0;
			shellPath = /bin/sh;
			shellScript = "\"${PODS_ROOT}/Target Support Files/Pods-Habit-HabitUITests/Pods-Habit-HabitUITests-frameworks.sh\"\n";
			showEnvVarsInLog = 0;
		};
		D376C06F25A2288F9CD3EE46 /* [CP] Check Pods Manifest.lock */ = {
			isa = PBXShellScriptBuildPhase;
			buildActionMask = 2147483647;
			files = (
			);
			inputFileListPaths = (
			);
			inputPaths = (
				"${PODS_PODFILE_DIR_PATH}/Podfile.lock",
				"${PODS_ROOT}/Manifest.lock",
			);
			name = "[CP] Check Pods Manifest.lock";
			outputFileListPaths = (
			);
			outputPaths = (
				"$(DERIVED_FILE_DIR)/Pods-Habit-checkManifestLockResult.txt",
			);
			runOnlyForDeploymentPostprocessing = 0;
			shellPath = /bin/sh;
			shellScript = "diff \"${PODS_PODFILE_DIR_PATH}/Podfile.lock\" \"${PODS_ROOT}/Manifest.lock\" > /dev/null\nif [ $? != 0 ] ; then\n    # print error to STDERR\n    echo \"error: The sandbox is not in sync with the Podfile.lock. Run 'pod install' or update your CocoaPods installation.\" >&2\n    exit 1\nfi\n# This output is used by Xcode 'outputs' to avoid re-running this script phase.\necho \"SUCCESS\" > \"${SCRIPT_OUTPUT_FILE_0}\"\n";
			showEnvVarsInLog = 0;
		};
/* End PBXShellScriptBuildPhase section */

/* Begin PBXSourcesBuildPhase section */
		52B623EC2B4CE11A008988DD /* Sources */ = {
			isa = PBXSourcesBuildPhase;
			buildActionMask = 2147483647;
			files = (
				52935B822CFE944A00C1E23E /* SignUpResponse.swift in Sources */,
				52B624232B4E236A008988DD /* SplashUIState.swift in Sources */,
				52BA05E52DC0705F00A929F1 /* ProfileViewModel.swift in Sources */,
				52C2309D2D12575D00CC6D99 /* AppError.swift in Sources */,
				52F55B2C2DA7612E00532D1A /* HabitViewModel.swift in Sources */,
				52F55B2D2DA7612E00532D1A /* HabitRemoteDataSource.swift in Sources */,
				52F55B2E2DA7612E00532D1A /* HabitView.swift in Sources */,
				52F55B452DA761BD00532D1A /* UserAuth.swift in Sources */,
				52F55B2F2DA7612E00532D1A /* HabitCardView.swift in Sources */,
				52F55B302DA7612E00532D1A /* HabitUIState.swift in Sources */,
				52F55B312DA7612E00532D1A /* HabitDetailInteractor.swift in Sources */,
				52F55B322DA7612E00532D1A /* HabitCardViewRouter.swift in Sources */,
				52F55B332DA7612E00532D1A /* HabitDetailView.swift in Sources */,
				52F55B342DA7612E00532D1A /* HabitDetailRemoteDataSource.swift in Sources */,
				524F0A632E00FDA800468DDC /* ProfileRequest.swift in Sources */,
				521F325F2DF7D1E3002C1699 /* ProfileResponse.swift in Sources */,
				52F55B352DA7612E00532D1A /* HabitResponse.swift in Sources */,
				52F55B362DA7612E00532D1A /* HabitInteractor.swift in Sources */,
				5296F5512DADD9240007DA13 /* ImageView.swift in Sources */,
				52F55B372DA7612E00532D1A /* HabitDetailViewModel.swift in Sources */,
				52F55B382DA7612E00532D1A /* HabitDetailUIState.swift in Sources */,
				52F55B392DA7612E00532D1A /* HabitValueRequest.swift in Sources */,
				52F55B3E2DA7618200532D1A /* LocalDataSource.swift in Sources */,
				521F32642DF91C18002C1699 /* ProfileInteractor.swift in Sources */,
				52F55B3A2DA7612E00532D1A /* HabitCardViewModel.swift in Sources */,
				521610BE2CC0B9C5002333C2 /* HomeViewModel.swift in Sources */,
				52714AC32D2CB27400E0D613 /* SignUpRemoteDataSource.swift in Sources */,
				52F55B3C2DA7615B00532D1A /* HomeViewRouter.swift in Sources */,
				52F55B422DA761A200532D1A /* SplashInteractor.swift in Sources */,
				52F55B432DA761A200532D1A /* SplashRemoteDataSource.swift in Sources */,
				525730512D07E17000A54FC9 /* SignInRemoteDataSource.swift in Sources */,
				52B623F42B4CE11A008988DD /* HabitApp.swift in Sources */,
				52B297572CD85ECD0005EF71 /* LoadingButtonView.swift in Sources */,
				52FEAD262D06216E00DF0D6F /* SignInErrorResponse.swift in Sources */,
				52B297552CD85CEB0005EF71 /* String+Extension.swift in Sources */,
				524685C52D014BBE00B4031A /* SignInRequest.swift in Sources */,
				5219031D2DBEA5AF00EA5528 /* GenderSelectorView.swift in Sources */,
				52B9EFF12CCF15B600AF534B /* SignUpViewRouter.swift in Sources */,
				520533532CBE186500661529 /* SignInViewModel.swift in Sources */,
				52C648012CC45C5F000D2BFE /* SignUpView.swift in Sources */,
				521F32662DF91E36002C1699 /* ProfileUIState.swift in Sources */,
				521610BC2CC0B9B2002333C2 /* HomeView.swift in Sources */,
				5257304F2D07DF2900A54FC9 /* SignInInteractor.swift in Sources */,
				521CD6AE2CF0249100489A86 /* WebService.swift in Sources */,
				521610B42CC0B92A002333C2 /* SignInViewRouter.swift in Sources */,
				52B9EFEF2CCF153600AF534B /* SignUpViewModel.swift in Sources */,
				5219031B2DBD8E9200EA5528 /* ProfileView.swift in Sources */,
				521F32622DF7D2F1002C1699 /* ProfileRemoteDataSource.swift in Sources */,
				524711512CBF655900B21CE7 /* SplashViewModel.swift in Sources */,
				52C648052CC461E8000D2BFE /* Gender.swift in Sources */,
				52F55B472DA761D800532D1A /* RefreshRequest.swift in Sources */,
				52935B842CFE980400C1E23E /* ErrorResponse.swift in Sources */,
				52B9EFED2CCF13EF00AF534B /* SignUpUIState.swift in Sources */,
				52B624212B4CE236008988DD /* SplashView.swift in Sources */,
				521610B22CC0B4F8002333C2 /* SignInUIState.swift in Sources */,
				5233F0FB2E0CE1C600FD15FB /* ChartView.swift in Sources */,
				52714AC12D2CB17900E0D613 /* SignUpInteractor.swift in Sources */,
				52B2974E2CD7F6A60005EF71 /* EditTextView.swift in Sources */,
				520533552CBE191500661529 /* SplashViewRouter.swift in Sources */,
				522C43122CF3BB110029232B /* SignUpRequest.swift in Sources */,
				520533512CBE180900661529 /* SignInView.swift in Sources */,
				52F55B4A2DA761F300532D1A /* ButtonStyle.swift in Sources */,
				524685C72D014CFF00B4031A /* SignInResponse.swift in Sources */,
				52B297512CD8008A0005EF71 /* CustomTextFieldStyle.swift in Sources */,
			);
			runOnlyForDeploymentPostprocessing = 0;
		};
		52B623FC2B4CE11B008988DD /* Sources */ = {
			isa = PBXSourcesBuildPhase;
			buildActionMask = 2147483647;
			files = (
				52B624052B4CE11B008988DD /* HabitTests.swift in Sources */,
			);
			runOnlyForDeploymentPostprocessing = 0;
		};
		52B624062B4CE11B008988DD /* Sources */ = {
			isa = PBXSourcesBuildPhase;
			buildActionMask = 2147483647;
			files = (
				52B6240F2B4CE11B008988DD /* HabitUITests.swift in Sources */,
				52B624112B4CE11B008988DD /* HabitUITestsLaunchTests.swift in Sources */,
			);
			runOnlyForDeploymentPostprocessing = 0;
		};
/* End PBXSourcesBuildPhase section */

/* Begin PBXTargetDependency section */
		52B624022B4CE11B008988DD /* PBXTargetDependency */ = {
			isa = PBXTargetDependency;
			target = 52B623EF2B4CE11A008988DD /* Habit */;
			targetProxy = 52B624012B4CE11B008988DD /* PBXContainerItemProxy */;
		};
		52B6240C2B4CE11B008988DD /* PBXTargetDependency */ = {
			isa = PBXTargetDependency;
			target = 52B623EF2B4CE11A008988DD /* Habit */;
			targetProxy = 52B6240B2B4CE11B008988DD /* PBXContainerItemProxy */;
		};
/* End PBXTargetDependency section */

/* Begin XCBuildConfiguration section */
		52B624122B4CE11B008988DD /* Debug */ = {
			isa = XCBuildConfiguration;
			buildSettings = {
				ALWAYS_SEARCH_USER_PATHS = NO;
				ASSETCATALOG_COMPILER_GENERATE_SWIFT_ASSET_SYMBOL_EXTENSIONS = YES;
				CLANG_ANALYZER_NONNULL = YES;
				CLANG_ANALYZER_NUMBER_OBJECT_CONVERSION = YES_AGGRESSIVE;
				CLANG_CXX_LANGUAGE_STANDARD = "gnu++20";
				CLANG_ENABLE_MODULES = YES;
				CLANG_ENABLE_OBJC_ARC = YES;
				CLANG_ENABLE_OBJC_WEAK = YES;
				CLANG_WARN_BLOCK_CAPTURE_AUTORELEASING = YES;
				CLANG_WARN_BOOL_CONVERSION = YES;
				CLANG_WARN_COMMA = YES;
				CLANG_WARN_CONSTANT_CONVERSION = YES;
				CLANG_WARN_DEPRECATED_OBJC_IMPLEMENTATIONS = YES;
				CLANG_WARN_DIRECT_OBJC_ISA_USAGE = YES_ERROR;
				CLANG_WARN_DOCUMENTATION_COMMENTS = YES;
				CLANG_WARN_EMPTY_BODY = YES;
				CLANG_WARN_ENUM_CONVERSION = YES;
				CLANG_WARN_INFINITE_RECURSION = YES;
				CLANG_WARN_INT_CONVERSION = YES;
				CLANG_WARN_NON_LITERAL_NULL_CONVERSION = YES;
				CLANG_WARN_OBJC_IMPLICIT_RETAIN_SELF = YES;
				CLANG_WARN_OBJC_LITERAL_CONVERSION = YES;
				CLANG_WARN_OBJC_ROOT_CLASS = YES_ERROR;
				CLANG_WARN_QUOTED_INCLUDE_IN_FRAMEWORK_HEADER = YES;
				CLANG_WARN_RANGE_LOOP_ANALYSIS = YES;
				CLANG_WARN_STRICT_PROTOTYPES = YES;
				CLANG_WARN_SUSPICIOUS_MOVE = YES;
				CLANG_WARN_UNGUARDED_AVAILABILITY = YES_AGGRESSIVE;
				CLANG_WARN_UNREACHABLE_CODE = YES;
				CLANG_WARN__DUPLICATE_METHOD_MATCH = YES;
				COPY_PHASE_STRIP = NO;
				DEBUG_INFORMATION_FORMAT = dwarf;
				ENABLE_STRICT_OBJC_MSGSEND = YES;
				ENABLE_TESTABILITY = YES;
				ENABLE_USER_SCRIPT_SANDBOXING = YES;
				GCC_C_LANGUAGE_STANDARD = gnu17;
				GCC_DYNAMIC_NO_PIC = NO;
				GCC_NO_COMMON_BLOCKS = YES;
				GCC_OPTIMIZATION_LEVEL = 0;
				GCC_PREPROCESSOR_DEFINITIONS = (
					"DEBUG=1",
					"$(inherited)",
				);
				GCC_WARN_64_TO_32_BIT_CONVERSION = YES;
				GCC_WARN_ABOUT_RETURN_TYPE = YES_ERROR;
				GCC_WARN_UNDECLARED_SELECTOR = YES;
				GCC_WARN_UNINITIALIZED_AUTOS = YES_AGGRESSIVE;
				GCC_WARN_UNUSED_FUNCTION = YES;
				GCC_WARN_UNUSED_VARIABLE = YES;
				IPHONEOS_DEPLOYMENT_TARGET = 17.0;
				LOCALIZATION_PREFERS_STRING_CATALOGS = YES;
				MTL_ENABLE_DEBUG_INFO = INCLUDE_SOURCE;
				MTL_FAST_MATH = YES;
				ONLY_ACTIVE_ARCH = YES;
				SDKROOT = iphoneos;
				SWIFT_ACTIVE_COMPILATION_CONDITIONS = "DEBUG $(inherited)";
				SWIFT_OPTIMIZATION_LEVEL = "-Onone";
			};
			name = Debug;
		};
		52B624132B4CE11B008988DD /* Release */ = {
			isa = XCBuildConfiguration;
			buildSettings = {
				ALWAYS_SEARCH_USER_PATHS = NO;
				ASSETCATALOG_COMPILER_GENERATE_SWIFT_ASSET_SYMBOL_EXTENSIONS = YES;
				CLANG_ANALYZER_NONNULL = YES;
				CLANG_ANALYZER_NUMBER_OBJECT_CONVERSION = YES_AGGRESSIVE;
				CLANG_CXX_LANGUAGE_STANDARD = "gnu++20";
				CLANG_ENABLE_MODULES = YES;
				CLANG_ENABLE_OBJC_ARC = YES;
				CLANG_ENABLE_OBJC_WEAK = YES;
				CLANG_WARN_BLOCK_CAPTURE_AUTORELEASING = YES;
				CLANG_WARN_BOOL_CONVERSION = YES;
				CLANG_WARN_COMMA = YES;
				CLANG_WARN_CONSTANT_CONVERSION = YES;
				CLANG_WARN_DEPRECATED_OBJC_IMPLEMENTATIONS = YES;
				CLANG_WARN_DIRECT_OBJC_ISA_USAGE = YES_ERROR;
				CLANG_WARN_DOCUMENTATION_COMMENTS = YES;
				CLANG_WARN_EMPTY_BODY = YES;
				CLANG_WARN_ENUM_CONVERSION = YES;
				CLANG_WARN_INFINITE_RECURSION = YES;
				CLANG_WARN_INT_CONVERSION = YES;
				CLANG_WARN_NON_LITERAL_NULL_CONVERSION = YES;
				CLANG_WARN_OBJC_IMPLICIT_RETAIN_SELF = YES;
				CLANG_WARN_OBJC_LITERAL_CONVERSION = YES;
				CLANG_WARN_OBJC_ROOT_CLASS = YES_ERROR;
				CLANG_WARN_QUOTED_INCLUDE_IN_FRAMEWORK_HEADER = YES;
				CLANG_WARN_RANGE_LOOP_ANALYSIS = YES;
				CLANG_WARN_STRICT_PROTOTYPES = YES;
				CLANG_WARN_SUSPICIOUS_MOVE = YES;
				CLANG_WARN_UNGUARDED_AVAILABILITY = YES_AGGRESSIVE;
				CLANG_WARN_UNREACHABLE_CODE = YES;
				CLANG_WARN__DUPLICATE_METHOD_MATCH = YES;
				COPY_PHASE_STRIP = NO;
				DEBUG_INFORMATION_FORMAT = "dwarf-with-dsym";
				ENABLE_NS_ASSERTIONS = NO;
				ENABLE_STRICT_OBJC_MSGSEND = YES;
				ENABLE_USER_SCRIPT_SANDBOXING = YES;
				GCC_C_LANGUAGE_STANDARD = gnu17;
				GCC_NO_COMMON_BLOCKS = YES;
				GCC_WARN_64_TO_32_BIT_CONVERSION = YES;
				GCC_WARN_ABOUT_RETURN_TYPE = YES_ERROR;
				GCC_WARN_UNDECLARED_SELECTOR = YES;
				GCC_WARN_UNINITIALIZED_AUTOS = YES_AGGRESSIVE;
				GCC_WARN_UNUSED_FUNCTION = YES;
				GCC_WARN_UNUSED_VARIABLE = YES;
				IPHONEOS_DEPLOYMENT_TARGET = 17.0;
				LOCALIZATION_PREFERS_STRING_CATALOGS = YES;
				MTL_ENABLE_DEBUG_INFO = NO;
				MTL_FAST_MATH = YES;
				SDKROOT = iphoneos;
				SWIFT_COMPILATION_MODE = wholemodule;
				VALIDATE_PRODUCT = YES;
			};
			name = Release;
		};
		52B624152B4CE11B008988DD /* Debug */ = {
			isa = XCBuildConfiguration;
			baseConfigurationReference = 3329CA6C0945017D49C66F17 /* Pods-Habit.debug.xcconfig */;
			buildSettings = {
				ASSETCATALOG_COMPILER_APPICON_NAME = AppIcon;
				ASSETCATALOG_COMPILER_GLOBAL_ACCENT_COLOR_NAME = AccentColor;
				CODE_SIGN_STYLE = Automatic;
				CURRENT_PROJECT_VERSION = 1;
				DEVELOPMENT_ASSET_PATHS = "\"Habit/Preview Content\"";
				ENABLE_PREVIEWS = YES;
				ENABLE_USER_SCRIPT_SANDBOXING = NO;
				GENERATE_INFOPLIST_FILE = YES;
				INFOPLIST_KEY_UIApplicationSceneManifest_Generation = YES;
				INFOPLIST_KEY_UIApplicationSupportsIndirectInputEvents = YES;
				INFOPLIST_KEY_UILaunchScreen_Generation = YES;
				INFOPLIST_KEY_UISupportedInterfaceOrientations_iPad = "UIInterfaceOrientationPortrait UIInterfaceOrientationPortraitUpsideDown UIInterfaceOrientationLandscapeLeft UIInterfaceOrientationLandscapeRight";
				INFOPLIST_KEY_UISupportedInterfaceOrientations_iPhone = "UIInterfaceOrientationPortrait UIInterfaceOrientationLandscapeLeft UIInterfaceOrientationLandscapeRight";
				IPHONEOS_DEPLOYMENT_TARGET = 16.6;
				LD_RUNPATH_SEARCH_PATHS = (
					"$(inherited)",
					"@executable_path/Frameworks",
				);
				MARKETING_VERSION = 1.0;
				PRODUCT_BUNDLE_IDENTIFIER = com.mateuslopes.Habit;
				PRODUCT_NAME = "$(TARGET_NAME)";
				SWIFT_EMIT_LOC_STRINGS = YES;
				SWIFT_VERSION = 5.0;
				TARGETED_DEVICE_FAMILY = "1,2";
			};
			name = Debug;
		};
		52B624162B4CE11B008988DD /* Release */ = {
			isa = XCBuildConfiguration;
			baseConfigurationReference = 6D8D171E82FA9B20C31E29D5 /* Pods-Habit.release.xcconfig */;
			buildSettings = {
				ASSETCATALOG_COMPILER_APPICON_NAME = AppIcon;
				ASSETCATALOG_COMPILER_GLOBAL_ACCENT_COLOR_NAME = AccentColor;
				CODE_SIGN_STYLE = Automatic;
				CURRENT_PROJECT_VERSION = 1;
				DEVELOPMENT_ASSET_PATHS = "\"Habit/Preview Content\"";
				ENABLE_PREVIEWS = YES;
				ENABLE_USER_SCRIPT_SANDBOXING = NO;
				GENERATE_INFOPLIST_FILE = YES;
				INFOPLIST_KEY_UIApplicationSceneManifest_Generation = YES;
				INFOPLIST_KEY_UIApplicationSupportsIndirectInputEvents = YES;
				INFOPLIST_KEY_UILaunchScreen_Generation = YES;
				INFOPLIST_KEY_UISupportedInterfaceOrientations_iPad = "UIInterfaceOrientationPortrait UIInterfaceOrientationPortraitUpsideDown UIInterfaceOrientationLandscapeLeft UIInterfaceOrientationLandscapeRight";
				INFOPLIST_KEY_UISupportedInterfaceOrientations_iPhone = "UIInterfaceOrientationPortrait UIInterfaceOrientationLandscapeLeft UIInterfaceOrientationLandscapeRight";
				IPHONEOS_DEPLOYMENT_TARGET = 16.6;
				LD_RUNPATH_SEARCH_PATHS = (
					"$(inherited)",
					"@executable_path/Frameworks",
				);
				MARKETING_VERSION = 1.0;
				PRODUCT_BUNDLE_IDENTIFIER = com.mateuslopes.Habit;
				PRODUCT_NAME = "$(TARGET_NAME)";
				SWIFT_EMIT_LOC_STRINGS = YES;
				SWIFT_VERSION = 5.0;
				TARGETED_DEVICE_FAMILY = "1,2";
			};
			name = Release;
		};
		52B624182B4CE11B008988DD /* Debug */ = {
			isa = XCBuildConfiguration;
			baseConfigurationReference = 41ED9F82D2B2BBA391949365 /* Pods-HabitTests.debug.xcconfig */;
			buildSettings = {
				ALWAYS_EMBED_SWIFT_STANDARD_LIBRARIES = YES;
				BUNDLE_LOADER = "$(TEST_HOST)";
				CODE_SIGN_STYLE = Automatic;
				CURRENT_PROJECT_VERSION = 1;
				GENERATE_INFOPLIST_FILE = YES;
				IPHONEOS_DEPLOYMENT_TARGET = 17.0;
				MARKETING_VERSION = 1.0;
				PRODUCT_BUNDLE_IDENTIFIER = com.mateuslopes.HabitTests;
				PRODUCT_NAME = "$(TARGET_NAME)";
				SWIFT_EMIT_LOC_STRINGS = NO;
				SWIFT_VERSION = 5.0;
				TARGETED_DEVICE_FAMILY = "1,2";
				TEST_HOST = "$(BUILT_PRODUCTS_DIR)/Habit.app/$(BUNDLE_EXECUTABLE_FOLDER_PATH)/Habit";
			};
			name = Debug;
		};
		52B624192B4CE11B008988DD /* Release */ = {
			isa = XCBuildConfiguration;
			baseConfigurationReference = 640E12B94D51F299256E5D6C /* Pods-HabitTests.release.xcconfig */;
			buildSettings = {
				ALWAYS_EMBED_SWIFT_STANDARD_LIBRARIES = YES;
				BUNDLE_LOADER = "$(TEST_HOST)";
				CODE_SIGN_STYLE = Automatic;
				CURRENT_PROJECT_VERSION = 1;
				GENERATE_INFOPLIST_FILE = YES;
				IPHONEOS_DEPLOYMENT_TARGET = 17.0;
				MARKETING_VERSION = 1.0;
				PRODUCT_BUNDLE_IDENTIFIER = com.mateuslopes.HabitTests;
				PRODUCT_NAME = "$(TARGET_NAME)";
				SWIFT_EMIT_LOC_STRINGS = NO;
				SWIFT_VERSION = 5.0;
				TARGETED_DEVICE_FAMILY = "1,2";
				TEST_HOST = "$(BUILT_PRODUCTS_DIR)/Habit.app/$(BUNDLE_EXECUTABLE_FOLDER_PATH)/Habit";
			};
			name = Release;
		};
		52B6241B2B4CE11B008988DD /* Debug */ = {
			isa = XCBuildConfiguration;
			baseConfigurationReference = 9E2AA4AD1E0F2A24E4457460 /* Pods-Habit-HabitUITests.debug.xcconfig */;
			buildSettings = {
				ALWAYS_EMBED_SWIFT_STANDARD_LIBRARIES = YES;
				CODE_SIGN_STYLE = Automatic;
				CURRENT_PROJECT_VERSION = 1;
				GENERATE_INFOPLIST_FILE = YES;
				MARKETING_VERSION = 1.0;
				PRODUCT_BUNDLE_IDENTIFIER = com.mateuslopes.HabitUITests;
				PRODUCT_NAME = "$(TARGET_NAME)";
				SWIFT_EMIT_LOC_STRINGS = NO;
				SWIFT_VERSION = 5.0;
				TARGETED_DEVICE_FAMILY = "1,2";
				TEST_TARGET_NAME = Habit;
			};
			name = Debug;
		};
		52B6241C2B4CE11B008988DD /* Release */ = {
			isa = XCBuildConfiguration;
			baseConfigurationReference = EDCBE27238F10FF88EDA6FBA /* Pods-Habit-HabitUITests.release.xcconfig */;
			buildSettings = {
				ALWAYS_EMBED_SWIFT_STANDARD_LIBRARIES = YES;
				CODE_SIGN_STYLE = Automatic;
				CURRENT_PROJECT_VERSION = 1;
				GENERATE_INFOPLIST_FILE = YES;
				MARKETING_VERSION = 1.0;
				PRODUCT_BUNDLE_IDENTIFIER = com.mateuslopes.HabitUITests;
				PRODUCT_NAME = "$(TARGET_NAME)";
				SWIFT_EMIT_LOC_STRINGS = NO;
				SWIFT_VERSION = 5.0;
				TARGETED_DEVICE_FAMILY = "1,2";
				TEST_TARGET_NAME = Habit;
			};
			name = Release;
		};
/* End XCBuildConfiguration section */

/* Begin XCConfigurationList section */
		52B623EB2B4CE11A008988DD /* Build configuration list for PBXProject "Habit" */ = {
			isa = XCConfigurationList;
			buildConfigurations = (
				52B624122B4CE11B008988DD /* Debug */,
				52B624132B4CE11B008988DD /* Release */,
			);
			defaultConfigurationIsVisible = 0;
			defaultConfigurationName = Release;
		};
		52B624142B4CE11B008988DD /* Build configuration list for PBXNativeTarget "Habit" */ = {
			isa = XCConfigurationList;
			buildConfigurations = (
				52B624152B4CE11B008988DD /* Debug */,
				52B624162B4CE11B008988DD /* Release */,
			);
			defaultConfigurationIsVisible = 0;
			defaultConfigurationName = Release;
		};
		52B624172B4CE11B008988DD /* Build configuration list for PBXNativeTarget "HabitTests" */ = {
			isa = XCConfigurationList;
			buildConfigurations = (
				52B624182B4CE11B008988DD /* Debug */,
				52B624192B4CE11B008988DD /* Release */,
			);
			defaultConfigurationIsVisible = 0;
			defaultConfigurationName = Release;
		};
		52B6241A2B4CE11B008988DD /* Build configuration list for PBXNativeTarget "HabitUITests" */ = {
			isa = XCConfigurationList;
			buildConfigurations = (
				52B6241B2B4CE11B008988DD /* Debug */,
				52B6241C2B4CE11B008988DD /* Release */,
			);
			defaultConfigurationIsVisible = 0;
			defaultConfigurationName = Release;
		};
/* End XCConfigurationList section */
	};
	rootObject = 52B623E82B4CE11A008988DD /* Project object */;
}
